
Microsoft Visual Studio Solution File, Format Version 12.00
# Visual Studio Version 17
VisualStudioVersion = 17.0.32112.339
MinimumVisualStudioVersion = 10.0.40219.1
Project("{FAE04EC0-301F-11D3-BF4B-00C04F79EFBC}") = "LetsGoBiking-tc.Routing", "LetsGoBiking-tc.Routing\LetsGoBiking-tc.Routing.csproj", "{9A7E6640-67B4-4330-A504-10CB5894E9C6}"
EndProject
Project("{FAE04EC0-301F-11D3-BF4B-00C04F79EFBC}") = "LetsGoBiking-tc.Lib", "LetsGoBiking-tc.Lib\LetsGoBiking-tc.Lib.csproj", "{91A8CD54-4139-4FFD-938D-893F2B07B7E6}"
EndProject
Project("{FAE04EC0-301F-11D3-BF4B-00C04F79EFBC}") = "LetsGoBiking-tc.Proxy", "LetsGoBiking-tc.Proxy\LetsGoBiking-tc.Proxy.csproj", "{ADC98DDC-40C3-4241-BA1D-3E93FC9A700D}"
EndProject
Global
	GlobalSection(SolutionConfigurationPlatforms) = preSolution
		Debug|Any CPU = Debug|Any CPU
		Release|Any CPU = Release|Any CPU
	EndGlobalSection
	GlobalSection(ProjectConfigurationPlatforms) = postSolution
		{9A7E6640-67B4-4330-A504-10CB5894E9C6}.Debug|Any CPU.ActiveCfg = Debug|Any CPU
		{9A7E6640-67B4-4330-A504-10CB5894E9C6}.Debug|Any CPU.Build.0 = Debug|Any CPU
		{9A7E6640-67B4-4330-A504-10CB5894E9C6}.Release|Any CPU.ActiveCfg = Release|Any CPU
		{9A7E6640-67B4-4330-A504-10CB5894E9C6}.Release|Any CPU.Build.0 = Release|Any CPU
		{91A8CD54-4139-4FFD-938D-893F2B07B7E6}.Debug|Any CPU.ActiveCfg = Debug|Any CPU
		{91A8CD54-4139-4FFD-938D-893F2B07B7E6}.Debug|Any CPU.Build.0 = Debug|Any CPU
		{91A8CD54-4139-4FFD-938D-893F2B07B7E6}.Release|Any CPU.ActiveCfg = Release|Any CPU
		{91A8CD54-4139-4FFD-938D-893F2B07B7E6}.Release|Any CPU.Build.0 = Release|Any CPU
		{ADC98DDC-40C3-4241-BA1D-3E93FC9A700D}.Debug|Any CPU.ActiveCfg = Debug|Any CPU
		{ADC98DDC-40C3-4241-BA1D-3E93FC9A700D}.Debug|Any CPU.Build.0 = Debug|Any CPU
		{ADC98DDC-40C3-4241-BA1D-3E93FC9A700D}.Release|Any CPU.ActiveCfg = Release|Any CPU
		{ADC98DDC-40C3-4241-BA1D-3E93FC9A700D}.Release|Any CPU.Build.0 = Release|Any CPU
	EndGlobalSection
	GlobalSection(SolutionProperties) = preSolution
		HideSolutionNode = FALSE
	EndGlobalSection
	GlobalSection(ExtensibilityGlobals) = postSolution
		SolutionGuid = {C693691C-345A-4019-98B3-75D16D6B06A9}
	EndGlobalSection
EndGlobal
