
Microsoft Visual Studio Solution File, Format Version 12.00
# Visual Studio Version 17
VisualStudioVersion = 17.0.32112.339
MinimumVisualStudioVersion = 10.0.40219.1
Project("{9A19103F-16F7-4668-BE54-9A1E7A4F7556}") = "LetsGoBiking-tc.Routing", "LetsGoBiking-tc.Routing\LetsGoBiking-tc.Routing.csproj", "{9A7E6640-67B4-4330-A504-10CB5894E9C6}"
EndProject
Project("{9A19103F-16F7-4668-BE54-9A1E7A4F7556}") = "LetsGoBiking-tc.Lib", "LetsGoBiking-tc.Lib\LetsGoBiking-tc.Lib.csproj", "{91A8CD54-4139-4FFD-938D-893F2B07B7E6}"
EndProject
Project("{9A19103F-16F7-4668-BE54-9A1E7A4F7556}") = "LetsGoBiking-tc.Proxy", "LetsGoBiking-tc.Proxy\LetsGoBiking-tc.Proxy.csproj", "{ADC98DDC-40C3-4241-BA1D-3E93FC9A700D}"
EndProject
Project("{9A19103F-16F7-4668-BE54-9A1E7A4F7556}") = "LetsGoBiking-tc.WF", "LetsGoBiking-tc.WF\LetsGoBiking-tc.WF.csproj", "{09F33CCA-8BCE-4CF3-9362-2CF69C9DA7A8}"
EndProject
Project("{888888A0-9F3D-457C-B088-3A5042F75D52}") = "LetsGoBiking-tc.Web", "LetsGoBiking-tc.Web\LetsGoBiking-tc.Web.pyproj", "{C686F130-6CBD-4F31-A2DC-6C3282B53AE8}"
EndProject
Global
	GlobalSection(SolutionConfigurationPlatforms) = preSolution
		Debug|Any CPU = Debug|Any CPU
		Release|Any CPU = Release|Any CPU
	EndGlobalSection
	GlobalSection(ProjectConfigurationPlatforms) = postSolution
		{9A7E6640-67B4-4330-A504-10CB5894E9C6}.Debug|Any CPU.ActiveCfg = Debug|Any CPU
		{9A7E6640-67B4-4330-A504-10CB5894E9C6}.Debug|Any CPU.Build.0 = Debug|Any CPU
		{9A7E6640-67B4-4330-A504-10CB5894E9C6}.Release|Any CPU.ActiveCfg = Release|Any CPU
		{9A7E6640-67B4-4330-A504-10CB5894E9C6}.Release|Any CPU.Build.0 = Release|Any CPU
		{91A8CD54-4139-4FFD-938D-893F2B07B7E6}.Debug|Any CPU.ActiveCfg = Debug|Any CPU
		{91A8CD54-4139-4FFD-938D-893F2B07B7E6}.Debug|Any CPU.Build.0 = Debug|Any CPU
		{91A8CD54-4139-4FFD-938D-893F2B07B7E6}.Release|Any CPU.ActiveCfg = Release|Any CPU
		{91A8CD54-4139-4FFD-938D-893F2B07B7E6}.Release|Any CPU.Build.0 = Release|Any CPU
		{ADC98DDC-40C3-4241-BA1D-3E93FC9A700D}.Debug|Any CPU.ActiveCfg = Debug|Any CPU
		{ADC98DDC-40C3-4241-BA1D-3E93FC9A700D}.Debug|Any CPU.Build.0 = Debug|Any CPU
		{ADC98DDC-40C3-4241-BA1D-3E93FC9A700D}.Release|Any CPU.ActiveCfg = Release|Any CPU
		{ADC98DDC-40C3-4241-BA1D-3E93FC9A700D}.Release|Any CPU.Build.0 = Release|Any CPU
		{09F33CCA-8BCE-4CF3-9362-2CF69C9DA7A8}.Debug|Any CPU.ActiveCfg = Debug|Any CPU
		{09F33CCA-8BCE-4CF3-9362-2CF69C9DA7A8}.Debug|Any CPU.Build.0 = Debug|Any CPU
		{09F33CCA-8BCE-4CF3-9362-2CF69C9DA7A8}.Release|Any CPU.ActiveCfg = Release|Any CPU
		{09F33CCA-8BCE-4CF3-9362-2CF69C9DA7A8}.Release|Any CPU.Build.0 = Release|Any CPU
		{C686F130-6CBD-4F31-A2DC-6C3282B53AE8}.Debug|Any CPU.ActiveCfg = Debug|Any CPU
		{C686F130-6CBD-4F31-A2DC-6C3282B53AE8}.Debug|Any CPU.Build.0 = Debug|Any CPU
		{C686F130-6CBD-4F31-A2DC-6C3282B53AE8}.Release|Any CPU.ActiveCfg = Release|Any CPU
		{C686F130-6CBD-4F31-A2DC-6C3282B53AE8}.Release|Any CPU.Build.0 = Release|Any CPU
	EndGlobalSection
	GlobalSection(SolutionProperties) = preSolution
		HideSolutionNode = FALSE
	EndGlobalSection
	GlobalSection(ExtensibilityGlobals) = postSolution
		SolutionGuid = {C693691C-345A-4019-98B3-75D16D6B06A9}
	EndGlobalSection
EndGlobal
